
Microsoft Visual Studio Solution File, Format Version 12.00
# Visual Studio 14
VisualStudioVersion = 14.0.23107.0
MinimumVisualStudioVersion = 10.0.40219.1
Project("{FAE04EC0-301F-11D3-BF4B-00C04F79EFBC}") = "Scorecard", "Scorecard\Scorecard.csproj", "{678F7BDF-E799-43A3-9F3D-D031D291E28B}"
EndProject
Project("{FAE04EC0-301F-11D3-BF4B-00C04F79EFBC}") = "Scorecard.Tests", "Scorecard.Tests\Scorecard.Tests.csproj", "{82314622-ECEE-4710-B053-A9C0BFFD203D}"
EndProject
Global
	GlobalSection(SolutionConfigurationPlatforms) = preSolution
		Debug|Any CPU = Debug|Any CPU
		Release|Any CPU = Release|Any CPU
	EndGlobalSection
	GlobalSection(ProjectConfigurationPlatforms) = postSolution
		{678F7BDF-E799-43A3-9F3D-D031D291E28B}.Debug|Any CPU.ActiveCfg = Debug|Any CPU
		{678F7BDF-E799-43A3-9F3D-D031D291E28B}.Debug|Any CPU.Build.0 = Debug|Any CPU
		{678F7BDF-E799-43A3-9F3D-D031D291E28B}.Release|Any CPU.ActiveCfg = Release|Any CPU
		{678F7BDF-E799-43A3-9F3D-D031D291E28B}.Release|Any CPU.Build.0 = Release|Any CPU
		{82314622-ECEE-4710-B053-A9C0BFFD203D}.Debug|Any CPU.ActiveCfg = Debug|Any CPU
		{82314622-ECEE-4710-B053-A9C0BFFD203D}.Debug|Any CPU.Build.0 = Debug|Any CPU
		{82314622-ECEE-4710-B053-A9C0BFFD203D}.Release|Any CPU.ActiveCfg = Release|Any CPU
		{82314622-ECEE-4710-B053-A9C0BFFD203D}.Release|Any CPU.Build.0 = Release|Any CPU
	EndGlobalSection
	GlobalSection(SolutionProperties) = preSolution
		HideSolutionNode = FALSE
	EndGlobalSection
EndGlobal
